
Microsoft Visual Studio Solution File, Format Version 12.00
# Visual Studio 15
VisualStudioVersion = 15.0.27703.2000
MinimumVisualStudioVersion = 10.0.40219.1
Project("{FAE04EC0-301F-11D3-BF4B-00C04F79EFBC}") = "CrewSchedule", "CrewSchedule\CrewSchedule.csproj", "{BF5C54A6-07EE-442E-AD82-F2828C52CB8C}"
EndProject
Global
	GlobalSection(SolutionConfigurationPlatforms) = preSolution
		Debug|Any CPU = Debug|Any CPU
		Release|Any CPU = Release|Any CPU
	EndGlobalSection
	GlobalSection(ProjectConfigurationPlatforms) = postSolution
		{BF5C54A6-07EE-442E-AD82-F2828C52CB8C}.Debug|Any CPU.ActiveCfg = Debug|Any CPU
		{BF5C54A6-07EE-442E-AD82-F2828C52CB8C}.Debug|Any CPU.Build.0 = Debug|Any CPU
		{BF5C54A6-07EE-442E-AD82-F2828C52CB8C}.Release|Any CPU.ActiveCfg = Release|Any CPU
		{BF5C54A6-07EE-442E-AD82-F2828C52CB8C}.Release|Any CPU.Build.0 = Release|Any CPU
	EndGlobalSection
	GlobalSection(SolutionProperties) = preSolution
		HideSolutionNode = FALSE
	EndGlobalSection
	GlobalSection(ExtensibilityGlobals) = postSolution
		SolutionGuid = {00441609-5344-4117-862E-C65C6426B74A}
	EndGlobalSection
EndGlobal
